
Microsoft Visual Studio Solution File, Format Version 12.00
# Visual Studio 15
VisualStudioVersion = 15.0.28307.168
MinimumVisualStudioVersion = 10.0.40219.1
Project("{FAE04EC0-301F-11D3-BF4B-00C04F79EFBC}") = "ProyectoAPI", "ProyectoAPI\ProyectoAPI.csproj", "{6B2CDC20-4256-4F58-9EBE-F4A50B05DAE4}"
EndProject
Project("{FAE04EC0-301F-11D3-BF4B-00C04F79EFBC}") = "TodaviaSirve", "..\..\TodaviaSirve\TodaviaSirve\TodaviaSirve.csproj", "{37ED8FB7-142B-46F4-B656-D30FB4BA4870}"
EndProject
Global
	GlobalSection(SolutionConfigurationPlatforms) = preSolution
		Debug|Any CPU = Debug|Any CPU
		Release|Any CPU = Release|Any CPU
	EndGlobalSection
	GlobalSection(ProjectConfigurationPlatforms) = postSolution
		{6B2CDC20-4256-4F58-9EBE-F4A50B05DAE4}.Debug|Any CPU.ActiveCfg = Debug|Any CPU
		{6B2CDC20-4256-4F58-9EBE-F4A50B05DAE4}.Debug|Any CPU.Build.0 = Debug|Any CPU
		{6B2CDC20-4256-4F58-9EBE-F4A50B05DAE4}.Release|Any CPU.ActiveCfg = Release|Any CPU
		{6B2CDC20-4256-4F58-9EBE-F4A50B05DAE4}.Release|Any CPU.Build.0 = Release|Any CPU
		{37ED8FB7-142B-46F4-B656-D30FB4BA4870}.Debug|Any CPU.ActiveCfg = Debug|Any CPU
		{37ED8FB7-142B-46F4-B656-D30FB4BA4870}.Debug|Any CPU.Build.0 = Debug|Any CPU
		{37ED8FB7-142B-46F4-B656-D30FB4BA4870}.Release|Any CPU.ActiveCfg = Release|Any CPU
		{37ED8FB7-142B-46F4-B656-D30FB4BA4870}.Release|Any CPU.Build.0 = Release|Any CPU
	EndGlobalSection
	GlobalSection(SolutionProperties) = preSolution
		HideSolutionNode = FALSE
	EndGlobalSection
	GlobalSection(ExtensibilityGlobals) = postSolution
		SolutionGuid = {1D62BF3A-B66C-4813-89D2-5BE2AC4A7D8C}
	EndGlobalSection
EndGlobal
